Microsoft Visual Studio Solution File, Format Version 11.00
# Visual Studio 2008

Project("{04FA5EDB-A922-6170-62B3-9E7398FC029C}") = "TcpDemoServer", "Assembly-CSharp.csproj", "{2E795F1F-AB3C-EE84-5183-EEA87752C930}"
EndProject
Global
	GlobalSection(SolutionConfigurationPlatforms) = preSolution
		Debug|Any CPU = Debug|Any CPU
		Release|Any CPU = Release|Any CPU
	EndGlobalSection
	GlobalSection(ProjectConfigurationPlatforms) = postSolution
		{2E795F1F-AB3C-EE84-5183-EEA87752C930}.Debug|Any CPU.ActiveCfg = Debug|Any CPU
		{2E795F1F-AB3C-EE84-5183-EEA87752C930}.Debug|Any CPU.Build.0 = Debug|Any CPU
		{2E795F1F-AB3C-EE84-5183-EEA87752C930}.Release|Any CPU.ActiveCfg = Release|Any CPU
		{2E795F1F-AB3C-EE84-5183-EEA87752C930}.Release|Any CPU.Build.0 = Release|Any CPU
	EndGlobalSection
	GlobalSection(SolutionProperties) = preSolution
		HideSolutionNode = FALSE
	EndGlobalSection
	GlobalSection(MonoDevelopProperties) = preSolution
		StartupItem = Assembly-CSharp.csproj
	EndGlobalSection
EndGlobal
