
Microsoft Visual Studio Solution File, Format Version 12.00
# Visual Studio 2013
VisualStudioVersion = 12.0.30501.0
MinimumVisualStudioVersion = 10.0.40219.1
Project("{FAE04EC0-301F-11D3-BF4B-00C04F79EFBC}") = "DemoPoly_day04", "DemoPoly_day04\DemoPoly_day04.csproj", "{08D65910-E7A0-4A27-8DD0-34F55C609D15}"
EndProject
Project("{FAE04EC0-301F-11D3-BF4B-00C04F79EFBC}") = "DemoPoly_day04_2", "DemoPoly_day04_2\DemoPoly_day04_2.csproj", "{B52BCE69-4C73-473D-8395-E0784D4BFF48}"
EndProject
Global
	GlobalSection(SolutionConfigurationPlatforms) = preSolution
		Debug|Any CPU = Debug|Any CPU
		Release|Any CPU = Release|Any CPU
	EndGlobalSection
	GlobalSection(ProjectConfigurationPlatforms) = postSolution
		{08D65910-E7A0-4A27-8DD0-34F55C609D15}.Debug|Any CPU.ActiveCfg = Debug|Any CPU
		{08D65910-E7A0-4A27-8DD0-34F55C609D15}.Debug|Any CPU.Build.0 = Debug|Any CPU
		{08D65910-E7A0-4A27-8DD0-34F55C609D15}.Release|Any CPU.ActiveCfg = Release|Any CPU
		{08D65910-E7A0-4A27-8DD0-34F55C609D15}.Release|Any CPU.Build.0 = Release|Any CPU
		{B52BCE69-4C73-473D-8395-E0784D4BFF48}.Debug|Any CPU.ActiveCfg = Debug|Any CPU
		{B52BCE69-4C73-473D-8395-E0784D4BFF48}.Debug|Any CPU.Build.0 = Debug|Any CPU
		{B52BCE69-4C73-473D-8395-E0784D4BFF48}.Release|Any CPU.ActiveCfg = Release|Any CPU
		{B52BCE69-4C73-473D-8395-E0784D4BFF48}.Release|Any CPU.Build.0 = Release|Any CPU
	EndGlobalSection
	GlobalSection(SolutionProperties) = preSolution
		HideSolutionNode = FALSE
	EndGlobalSection
EndGlobal
