Microsoft Visual Studio Solution File, Format Version 11.00
# Visual Studio 2008

Project("{EC3D318D-A98B-8C9C-CDF4-59C71E023110}") = "UnityTcpClient", "Assembly-CSharp.csproj", "{DFA3EF76-FBAF-E652-5B3B-B5BE2FBA5414}"
EndProject
Global
	GlobalSection(SolutionConfigurationPlatforms) = preSolution
		Debug|Any CPU = Debug|Any CPU
		Release|Any CPU = Release|Any CPU
	EndGlobalSection
	GlobalSection(ProjectConfigurationPlatforms) = postSolution
		{DFA3EF76-FBAF-E652-5B3B-B5BE2FBA5414}.Debug|Any CPU.ActiveCfg = Debug|Any CPU
		{DFA3EF76-FBAF-E652-5B3B-B5BE2FBA5414}.Debug|Any CPU.Build.0 = Debug|Any CPU
		{DFA3EF76-FBAF-E652-5B3B-B5BE2FBA5414}.Release|Any CPU.ActiveCfg = Release|Any CPU
		{DFA3EF76-FBAF-E652-5B3B-B5BE2FBA5414}.Release|Any CPU.Build.0 = Release|Any CPU
	EndGlobalSection
	GlobalSection(SolutionProperties) = preSolution
		HideSolutionNode = FALSE
	EndGlobalSection
	GlobalSection(MonoDevelopProperties) = preSolution
		StartupItem = Assembly-CSharp.csproj
	EndGlobalSection
EndGlobal
